
Microsoft Visual Studio Solution File, Format Version 12.00
# Visual Studio Version 17
VisualStudioVersion = 17.0.32126.317
MinimumVisualStudioVersion = 10.0.40219.1
Project("{FAE04EC0-301F-11D3-BF4B-00C04F79EFBC}") = "MyDictionary", "MyDictionary\MyDictionary.csproj", "{2F5FACF5-4160-4B7B-8627-74C9598629B6}"
EndProject
Global
	GlobalSection(SolutionConfigurationPlatforms) = preSolution
		Debug|Any CPU = Debug|Any CPU
		Release|Any CPU = Release|Any CPU
	EndGlobalSection
	GlobalSection(ProjectConfigurationPlatforms) = postSolution
		{2F5FACF5-4160-4B7B-8627-74C9598629B6}.Debug|Any CPU.ActiveCfg = Debug|Any CPU
		{2F5FACF5-4160-4B7B-8627-74C9598629B6}.Debug|Any CPU.Build.0 = Debug|Any CPU
		{2F5FACF5-4160-4B7B-8627-74C9598629B6}.Release|Any CPU.ActiveCfg = Release|Any CPU
		{2F5FACF5-4160-4B7B-8627-74C9598629B6}.Release|Any CPU.Build.0 = Release|Any CPU
	EndGlobalSection
	GlobalSection(SolutionProperties) = preSolution
		HideSolutionNode = FALSE
	EndGlobalSection
	GlobalSection(ExtensibilityGlobals) = postSolution
		SolutionGuid = {860A0178-74AB-4081-85D6-77465A2AF418}
	EndGlobalSection
EndGlobal
